// !$*UTF8*$!
{
	archiveVersion = 1;
	classes = {
	};
	objectVersion = 56;
	objects = {

/* Begin PBXBuildFile section */
		84217DF32BB0AC2500061AA3 /* Constants.swift in Sources */ = {isa = PBXBuildFile; fileRef = 84217DF22BB0AC2500061AA3 /* Constants.swift */; };
		84217DF52BB0C5C200061AA3 /* InformationTable.swift in Sources */ = {isa = PBXBuildFile; fileRef = 84217DF42BB0C5C200061AA3 /* InformationTable.swift */; };
		84A848652BAD526700867F78 /* AppDelegate.swift in Sources */ = {isa = PBXBuildFile; fileRef = 84A848642BAD526700867F78 /* AppDelegate.swift */; };
		84A848672BAD526700867F78 /* SceneDelegate.swift in Sources */ = {isa = PBXBuildFile; fileRef = 84A848662BAD526700867F78 /* SceneDelegate.swift */; };
		84A848692BAD526700867F78 /* SettingsViewController.swift in Sources */ = {isa = PBXBuildFile; fileRef = 84A848682BAD526700867F78 /* SettingsViewController.swift */; };
		84A8486E2BAD526900867F78 /* Assets.xcassets in Resources */ = {isa = PBXBuildFile; fileRef = 84A8486D2BAD526900867F78 /* Assets.xcassets */; };
		84A848712BAD526900867F78 /* LaunchScreen.storyboard in Resources */ = {isa = PBXBuildFile; fileRef = 84A8486F2BAD526900867F78 /* LaunchScreen.storyboard */; };
		84A848792BAD685000867F78 /* ModulationViewController.swift in Sources */ = {isa = PBXBuildFile; fileRef = 84A848782BAD685000867F78 /* ModulationViewController.swift */; };
		84A8487B2BAE186C00867F78 /* HumanViewCell.swift in Sources */ = {isa = PBXBuildFile; fileRef = 84A8487A2BAE186C00867F78 /* HumanViewCell.swift */; };
		84A8487D2BAE1C3700867F78 /* Human.swift in Sources */ = {isa = PBXBuildFile; fileRef = 84A8487C2BAE1C3700867F78 /* Human.swift */; };
		84BF97282BAE337E00490E25 /* Config.swift in Sources */ = {isa = PBXBuildFile; fileRef = 84BF97272BAE337E00490E25 /* Config.swift */; };
		84BF972A2BAF336700490E25 /* ModulationPresenter.swift in Sources */ = {isa = PBXBuildFile; fileRef = 84BF97292BAF336700490E25 /* ModulationPresenter.swift */; };
		84BF972C2BAF63D400490E25 /* ConfigHelper.swift in Sources */ = {isa = PBXBuildFile; fileRef = 84BF972B2BAF63D400490E25 /* ConfigHelper.swift */; };
/* End PBXBuildFile section */

/* Begin PBXFileReference section */
		84217DF22BB0AC2500061AA3 /* Constants.swift */ = {isa = PBXFileReference; lastKnownFileType = sourcecode.swift; path = Constants.swift; sourceTree = "<group>"; };
		84217DF42BB0C5C200061AA3 /* InformationTable.swift */ = {isa = PBXFileReference; lastKnownFileType = sourcecode.swift; path = InformationTable.swift; sourceTree = "<group>"; };
		84A848612BAD526700867F78 /* Pandemic.app */ = {isa = PBXFileReference; explicitFileType = wrapper.application; includeInIndex = 0; path = Pandemic.app; sourceTree = BUILT_PRODUCTS_DIR; };
		84A848642BAD526700867F78 /* AppDelegate.swift */ = {isa = PBXFileReference; lastKnownFileType = sourcecode.swift; path = AppDelegate.swift; sourceTree = "<group>"; };
		84A848662BAD526700867F78 /* SceneDelegate.swift */ = {isa = PBXFileReference; lastKnownFileType = sourcecode.swift; path = SceneDelegate.swift; sourceTree = "<group>"; };
		84A848682BAD526700867F78 /* SettingsViewController.swift */ = {isa = PBXFileReference; lastKnownFileType = sourcecode.swift; path = SettingsViewController.swift; sourceTree = "<group>"; };
		84A8486D2BAD526900867F78 /* Assets.xcassets */ = {isa = PBXFileReference; lastKnownFileType = folder.assetcatalog; path = Assets.xcassets; sourceTree = "<group>"; };
		84A848702BAD526900867F78 /* Base */ = {isa = PBXFileReference; lastKnownFileType = file.storyboard; name = Base; path = Base.lproj/LaunchScreen.storyboard; sourceTree = "<group>"; };
		84A848722BAD526900867F78 /* Info.plist */ = {isa = PBXFileReference; lastKnownFileType = text.plist.xml; path = Info.plist; sourceTree = "<group>"; };
		84A848782BAD685000867F78 /* ModulationViewController.swift */ = {isa = PBXFileReference; lastKnownFileType = sourcecode.swift; path = ModulationViewController.swift; sourceTree = "<group>"; };
		84A8487A2BAE186C00867F78 /* HumanViewCell.swift */ = {isa = PBXFileReference; lastKnownFileType = sourcecode.swift; path = HumanViewCell.swift; sourceTree = "<group>"; };
		84A8487C2BAE1C3700867F78 /* Human.swift */ = {isa = PBXFileReference; lastKnownFileType = sourcecode.swift; path = Human.swift; sourceTree = "<group>"; };
		84BF97272BAE337E00490E25 /* Config.swift */ = {isa = PBXFileReference; lastKnownFileType = sourcecode.swift; path = Config.swift; sourceTree = "<group>"; };
		84BF97292BAF336700490E25 /* ModulationPresenter.swift */ = {isa = PBXFileReference; lastKnownFileType = sourcecode.swift; path = ModulationPresenter.swift; sourceTree = "<group>"; };
		84BF972B2BAF63D400490E25 /* ConfigHelper.swift */ = {isa = PBXFileReference; lastKnownFileType = sourcecode.swift; path = ConfigHelper.swift; sourceTree = "<group>"; };
/* End PBXFileReference section */

/* Begin PBXFrameworksBuildPhase section */
		84A8485E2BAD526700867F78 /* Frameworks */ = {
			isa = PBXFrameworksBuildPhase;
			buildActionMask = 2147483647;
			files = (
			);
			runOnlyForDeploymentPostprocessing = 0;
		};
/* End PBXFrameworksBuildPhase section */

/* Begin PBXGroup section */
		84217E112BB2860F00061AA3 /* Model */ = {
			isa = PBXGroup;
			children = (
				84A8487C2BAE1C3700867F78 /* Human.swift */,
				84BF97272BAE337E00490E25 /* Config.swift */,
			);
			path = Model;
			sourceTree = "<group>";
		};
		84217E122BB2862E00061AA3 /* Components */ = {
			isa = PBXGroup;
			children = (
				84A8487A2BAE186C00867F78 /* HumanViewCell.swift */,
				84217DF42BB0C5C200061AA3 /* InformationTable.swift */,
			);
			path = Components;
			sourceTree = "<group>";
		};
		84217E132BB2864F00061AA3 /* Utils */ = {
			isa = PBXGroup;
			children = (
				84217DF22BB0AC2500061AA3 /* Constants.swift */,
				84BF972B2BAF63D400490E25 /* ConfigHelper.swift */,
			);
			path = Utils;
			sourceTree = "<group>";
		};
		84217E142BB2867C00061AA3 /* Screens */ = {
			isa = PBXGroup;
			children = (
				84A848782BAD685000867F78 /* ModulationViewController.swift */,
				84A848682BAD526700867F78 /* SettingsViewController.swift */,
				84BF97292BAF336700490E25 /* ModulationPresenter.swift */,
			);
			path = Screens;
			sourceTree = "<group>";
		};
		84A848582BAD526700867F78 = {
			isa = PBXGroup;
			children = (
				84A848632BAD526700867F78 /* Pandemic */,
				84A848622BAD526700867F78 /* Products */,
			);
			sourceTree = "<group>";
		};
		84A848622BAD526700867F78 /* Products */ = {
			isa = PBXGroup;
			children = (
				84A848612BAD526700867F78 /* Pandemic.app */,
			);
			name = Products;
			sourceTree = "<group>";
		};
		84A848632BAD526700867F78 /* Pandemic */ = {
			isa = PBXGroup;
			children = (
				84A848642BAD526700867F78 /* AppDelegate.swift */,
				84A8486D2BAD526900867F78 /* Assets.xcassets */,
				84217E122BB2862E00061AA3 /* Components */,
				84A848722BAD526900867F78 /* Info.plist */,
				84A8486F2BAD526900867F78 /* LaunchScreen.storyboard */,
				84217E112BB2860F00061AA3 /* Model */,
				84A848662BAD526700867F78 /* SceneDelegate.swift */,
				84217E142BB2867C00061AA3 /* Screens */,
				84217E132BB2864F00061AA3 /* Utils */,
			);
			path = Pandemic;
			sourceTree = "<group>";
		};
/* End PBXGroup section */

/* Begin PBXNativeTarget section */
		84A848602BAD526700867F78 /* Pandemic */ = {
			isa = PBXNativeTarget;
			buildConfigurationList = 84A848752BAD526900867F78 /* Build configuration list for PBXNativeTarget "Pandemic" */;
			buildPhases = (
				84A8485D2BAD526700867F78 /* Sources */,
				84A8485E2BAD526700867F78 /* Frameworks */,
				84A8485F2BAD526700867F78 /* Resources */,
			);
			buildRules = (
			);
			dependencies = (
			);
			name = Pandemic;
			productName = Pandemic;
			productReference = 84A848612BAD526700867F78 /* Pandemic.app */;
			productType = "com.apple.product-type.application";
		};
/* End PBXNativeTarget section */

/* Begin PBXProject section */
		84A848592BAD526700867F78 /* Project object */ = {
			isa = PBXProject;
			attributes = {
				BuildIndependentTargetsInParallel = 1;
				LastSwiftUpdateCheck = 1520;
				LastUpgradeCheck = 1520;
				TargetAttributes = {
					84A848602BAD526700867F78 = {
						CreatedOnToolsVersion = 15.2;
					};
				};
			};
			buildConfigurationList = 84A8485C2BAD526700867F78 /* Build configuration list for PBXProject "Pandemic" */;
			compatibilityVersion = "Xcode 14.0";
			developmentRegion = en;
			hasScannedForEncodings = 0;
			knownRegions = (
				en,
				Base,
			);
			mainGroup = 84A848582BAD526700867F78;
			productRefGroup = 84A848622BAD526700867F78 /* Products */;
			projectDirPath = "";
			projectRoot = "";
			targets = (
				84A848602BAD526700867F78 /* Pandemic */,
			);
		};
/* End PBXProject section */

/* Begin PBXResourcesBuildPhase section */
		84A8485F2BAD526700867F78 /* Resources */ = {
			isa = PBXResourcesBuildPhase;
			buildActionMask = 2147483647;
			files = (
				84A848712BAD526900867F78 /* LaunchScreen.storyboard in Resources */,
				84A8486E2BAD526900867F78 /* Assets.xcassets in Resources */,
			);
			runOnlyForDeploymentPostprocessing = 0;
		};
/* End PBXResourcesBuildPhase section */

/* Begin PBXSourcesBuildPhase section */
		84A8485D2BAD526700867F78 /* Sources */ = {
			isa = PBXSourcesBuildPhase;
			buildActionMask = 2147483647;
			files = (
				84BF972A2BAF336700490E25 /* ModulationPresenter.swift in Sources */,
				84217DF32BB0AC2500061AA3 /* Constants.swift in Sources */,
				84A848792BAD685000867F78 /* ModulationViewController.swift in Sources */,
				84A8487D2BAE1C3700867F78 /* Human.swift in Sources */,
				84A8487B2BAE186C00867F78 /* HumanViewCell.swift in Sources */,
				84BF97282BAE337E00490E25 /* Config.swift in Sources */,
				84BF972C2BAF63D400490E25 /* ConfigHelper.swift in Sources */,
				84A848692BAD526700867F78 /* SettingsViewController.swift in Sources */,
				84217DF52BB0C5C200061AA3 /* InformationTable.swift in Sources */,
				84A848652BAD526700867F78 /* AppDelegate.swift in Sources */,
				84A848672BAD526700867F78 /* SceneDelegate.swift in Sources */,
			);
			runOnlyForDeploymentPostprocessing = 0;
		};
/* End PBXSourcesBuildPhase section */

/* Begin PBXVariantGroup section */
		84A8486F2BAD526900867F78 /* LaunchScreen.storyboard */ = {
			isa = PBXVariantGroup;
			children = (
				84A848702BAD526900867F78 /* Base */,
			);
			name = LaunchScreen.storyboard;
			sourceTree = "<group>";
		};
/* End PBXVariantGroup section */

/* Begin XCBuildConfiguration section */
		84A848732BAD526900867F78 /* Debug */ = {
			isa = XCBuildConfiguration;
			buildSettings = {
				ALWAYS_SEARCH_USER_PATHS = NO;
				ASSETCATALOG_COMPILER_GENERATE_SWIFT_ASSET_SYMBOL_EXTENSIONS = YES;
				CLANG_ANALYZER_NONNULL = YES;
				CLANG_ANALYZER_NUMBER_OBJECT_CONVERSION = YES_AGGRESSIVE;
				CLANG_CXX_LANGUAGE_STANDARD = "gnu++20";
				CLANG_ENABLE_MODULES = YES;
				CLANG_ENABLE_OBJC_ARC = YES;
				CLANG_ENABLE_OBJC_WEAK = YES;
				CLANG_WARN_BLOCK_CAPTURE_AUTORELEASING = YES;
				CLANG_WARN_BOOL_CONVERSION = YES;
				CLANG_WARN_COMMA = YES;
				CLANG_WARN_CONSTANT_CONVERSION = YES;
				CLANG_WARN_DEPRECATED_OBJC_IMPLEMENTATIONS = YES;
				CLANG_WARN_DIRECT_OBJC_ISA_USAGE = YES_ERROR;
				CLANG_WARN_DOCUMENTATION_COMMENTS = YES;
				CLANG_WARN_EMPTY_BODY = YES;
				CLANG_WARN_ENUM_CONVERSION = YES;
				CLANG_WARN_INFINITE_RECURSION = YES;
				CLANG_WARN_INT_CONVERSION = YES;
				CLANG_WARN_NON_LITERAL_NULL_CONVERSION = YES;
				CLANG_WARN_OBJC_IMPLICIT_RETAIN_SELF = YES;
				CLANG_WARN_OBJC_LITERAL_CONVERSION = YES;
				CLANG_WARN_OBJC_ROOT_CLASS = YES_ERROR;
				CLANG_WARN_QUOTED_INCLUDE_IN_FRAMEWORK_HEADER = YES;
				CLANG_WARN_RANGE_LOOP_ANALYSIS = YES;
				CLANG_WARN_STRICT_PROTOTYPES = YES;
				CLANG_WARN_SUSPICIOUS_MOVE = YES;
				CLANG_WARN_UNGUARDED_AVAILABILITY = YES_AGGRESSIVE;
				CLANG_WARN_UNREACHABLE_CODE = YES;
				CLANG_WARN__DUPLICATE_METHOD_MATCH = YES;
				COPY_PHASE_STRIP = NO;
				DEBUG_INFORMATION_FORMAT = dwarf;
				ENABLE_STRICT_OBJC_MSGSEND = YES;
				ENABLE_TESTABILITY = YES;
				ENABLE_USER_SCRIPT_SANDBOXING = YES;
				GCC_C_LANGUAGE_STANDARD = gnu17;
				GCC_DYNAMIC_NO_PIC = NO;
				GCC_NO_COMMON_BLOCKS = YES;
				GCC_OPTIMIZATION_LEVEL = 0;
				GCC_PREPROCESSOR_DEFINITIONS = (
					"DEBUG=1",
					"$(inherited)",
				);
				GCC_WARN_64_TO_32_BIT_CONVERSION = YES;
				GCC_WARN_ABOUT_RETURN_TYPE = YES_ERROR;
				GCC_WARN_UNDECLARED_SELECTOR = YES;
				GCC_WARN_UNINITIALIZED_AUTOS = YES_AGGRESSIVE;
				GCC_WARN_UNUSED_FUNCTION = YES;
				GCC_WARN_UNUSED_VARIABLE = YES;
				IPHONEOS_DEPLOYMENT_TARGET = 17.2;
				LOCALIZATION_PREFERS_STRING_CATALOGS = YES;
				MTL_ENABLE_DEBUG_INFO = INCLUDE_SOURCE;
				MTL_FAST_MATH = YES;
				ONLY_ACTIVE_ARCH = YES;
				SDKROOT = iphoneos;
				SWIFT_ACTIVE_COMPILATION_CONDITIONS = "DEBUG $(inherited)";
				SWIFT_OPTIMIZATION_LEVEL = "-Onone";
			};
			name = Debug;
		};
		84A848742BAD526900867F78 /* Release */ = {
			isa = XCBuildConfiguration;
			buildSettings = {
				ALWAYS_SEARCH_USER_PATHS = NO;
				ASSETCATALOG_COMPILER_GENERATE_SWIFT_ASSET_SYMBOL_EXTENSIONS = YES;
				CLANG_ANALYZER_NONNULL = YES;
				CLANG_ANALYZER_NUMBER_OBJECT_CONVERSION = YES_AGGRESSIVE;
				CLANG_CXX_LANGUAGE_STANDARD = "gnu++20";
				CLANG_ENABLE_MODULES = YES;
				CLANG_ENABLE_OBJC_ARC = YES;
				CLANG_ENABLE_OBJC_WEAK = YES;
				CLANG_WARN_BLOCK_CAPTURE_AUTORELEASING = YES;
				CLANG_WARN_BOOL_CONVERSION = YES;
				CLANG_WARN_COMMA = YES;
				CLANG_WARN_CONSTANT_CONVERSION = YES;
				CLANG_WARN_DEPRECATED_OBJC_IMPLEMENTATIONS = YES;
				CLANG_WARN_DIRECT_OBJC_ISA_USAGE = YES_ERROR;
				CLANG_WARN_DOCUMENTATION_COMMENTS = YES;
				CLANG_WARN_EMPTY_BODY = YES;
				CLANG_WARN_ENUM_CONVERSION = YES;
				CLANG_WARN_INFINITE_RECURSION = YES;
				CLANG_WARN_INT_CONVERSION = YES;
				CLANG_WARN_NON_LITERAL_NULL_CONVERSION = YES;
				CLANG_WARN_OBJC_IMPLICIT_RETAIN_SELF = YES;
				CLANG_WARN_OBJC_LITERAL_CONVERSION = YES;
				CLANG_WARN_OBJC_ROOT_CLASS = YES_ERROR;
				CLANG_WARN_QUOTED_INCLUDE_IN_FRAMEWORK_HEADER = YES;
				CLANG_WARN_RANGE_LOOP_ANALYSIS = YES;
				CLANG_WARN_STRICT_PROTOTYPES = YES;
				CLANG_WARN_SUSPICIOUS_MOVE = YES;
				CLANG_WARN_UNGUARDED_AVAILABILITY = YES_AGGRESSIVE;
				CLANG_WARN_UNREACHABLE_CODE = YES;
				CLANG_WARN__DUPLICATE_METHOD_MATCH = YES;
				COPY_PHASE_STRIP = NO;
				DEBUG_INFORMATION_FORMAT = "dwarf-with-dsym";
				ENABLE_NS_ASSERTIONS = NO;
				ENABLE_STRICT_OBJC_MSGSEND = YES;
				ENABLE_USER_SCRIPT_SANDBOXING = YES;
				GCC_C_LANGUAGE_STANDARD = gnu17;
				GCC_NO_COMMON_BLOCKS = YES;
				GCC_WARN_64_TO_32_BIT_CONVERSION = YES;
				GCC_WARN_ABOUT_RETURN_TYPE = YES_ERROR;
				GCC_WARN_UNDECLARED_SELECTOR = YES;
				GCC_WARN_UNINITIALIZED_AUTOS = YES_AGGRESSIVE;
				GCC_WARN_UNUSED_FUNCTION = YES;
				GCC_WARN_UNUSED_VARIABLE = YES;
				IPHONEOS_DEPLOYMENT_TARGET = 17.2;
				LOCALIZATION_PREFERS_STRING_CATALOGS = YES;
				MTL_ENABLE_DEBUG_INFO = NO;
				MTL_FAST_MATH = YES;
				SDKROOT = iphoneos;
				SWIFT_COMPILATION_MODE = wholemodule;
				VALIDATE_PRODUCT = YES;
			};
			name = Release;
		};
		84A848762BAD526900867F78 /* Debug */ = {
			isa = XCBuildConfiguration;
			buildSettings = {
				ASSETCATALOG_COMPILER_APPICON_NAME = AppIcon;
				ASSETCATALOG_COMPILER_GLOBAL_ACCENT_COLOR_NAME = AccentColor;
				CODE_SIGN_STYLE = Automatic;
				CURRENT_PROJECT_VERSION = 1;
				GENERATE_INFOPLIST_FILE = YES;
				INFOPLIST_FILE = Pandemic/Info.plist;
				INFOPLIST_KEY_UIApplicationSupportsIndirectInputEvents = YES;
				INFOPLIST_KEY_UILaunchStoryboardName = LaunchScreen;
				INFOPLIST_KEY_UISupportedInterfaceOrientations_iPad = "UIInterfaceOrientationPortrait UIInterfaceOrientationPortraitUpsideDown UIInterfaceOrientationLandscapeLeft UIInterfaceOrientationLandscapeRight";
				INFOPLIST_KEY_UISupportedInterfaceOrientations_iPhone = "UIInterfaceOrientationPortrait UIInterfaceOrientationLandscapeLeft UIInterfaceOrientationLandscapeRight";
				LD_RUNPATH_SEARCH_PATHS = (
					"$(inherited)",
					"@executable_path/Frameworks",
				);
				MARKETING_VERSION = 1.0;
				PRODUCT_BUNDLE_IDENTIFIER = com.kalmahik.Pandemic;
				PRODUCT_NAME = "$(TARGET_NAME)";
				SWIFT_EMIT_LOC_STRINGS = YES;
				SWIFT_VERSION = 5.0;
				TARGETED_DEVICE_FAMILY = "1,2";
			};
			name = Debug;
		};
		84A848772BAD526900867F78 /* Release */ = {
			isa = XCBuildConfiguration;
			buildSettings = {
				ASSETCATALOG_COMPILER_APPICON_NAME = AppIcon;
				ASSETCATALOG_COMPILER_GLOBAL_ACCENT_COLOR_NAME = AccentColor;
				CODE_SIGN_STYLE = Automatic;
				CURRENT_PROJECT_VERSION = 1;
				GENERATE_INFOPLIST_FILE = YES;
				INFOPLIST_FILE = Pandemic/Info.plist;
				INFOPLIST_KEY_UIApplicationSupportsIndirectInputEvents = YES;
				INFOPLIST_KEY_UILaunchStoryboardName = LaunchScreen;
				INFOPLIST_KEY_UISupportedInterfaceOrientations_iPad = "UIInterfaceOrientationPortrait UIInterfaceOrientationPortraitUpsideDown UIInterfaceOrientationLandscapeLeft UIInterfaceOrientationLandscapeRight";
				INFOPLIST_KEY_UISupportedInterfaceOrientations_iPhone = "UIInterfaceOrientationPortrait UIInterfaceOrientationLandscapeLeft UIInterfaceOrientationLandscapeRight";
				LD_RUNPATH_SEARCH_PATHS = (
					"$(inherited)",
					"@executable_path/Frameworks",
				);
				MARKETING_VERSION = 1.0;
				PRODUCT_BUNDLE_IDENTIFIER = com.kalmahik.Pandemic;
				PRODUCT_NAME = "$(TARGET_NAME)";
				SWIFT_EMIT_LOC_STRINGS = YES;
				SWIFT_VERSION = 5.0;
				TARGETED_DEVICE_FAMILY = "1,2";
			};
			name = Release;
		};
/* End XCBuildConfiguration section */

/* Begin XCConfigurationList section */
		84A8485C2BAD526700867F78 /* Build configuration list for PBXProject "Pandemic" */ = {
			isa = XCConfigurationList;
			buildConfigurations = (
				84A848732BAD526900867F78 /* Debug */,
				84A848742BAD526900867F78 /* Release */,
			);
			defaultConfigurationIsVisible = 0;
			defaultConfigurationName = Release;
		};
		84A848752BAD526900867F78 /* Build configuration list for PBXNativeTarget "Pandemic" */ = {
			isa = XCConfigurationList;
			buildConfigurations = (
				84A848762BAD526900867F78 /* Debug */,
				84A848772BAD526900867F78 /* Release */,
			);
			defaultConfigurationIsVisible = 0;
			defaultConfigurationName = Release;
		};
/* End XCConfigurationList section */
	};
	rootObject = 84A848592BAD526700867F78 /* Project object */;
}
